
Microsoft Visual Studio Solution File, Format Version 12.00
# Visual Studio 15
VisualStudioVersion = 15.0.28307.1321
MinimumVisualStudioVersion = 10.0.40219.1
Project("{FAE04EC0-301F-11D3-BF4B-00C04F79EFBC}") = "DomHelpPS", "DomHelpPS\DomHelpPS.csproj", "{51C0AF6E-0094-4F77-8186-1EB178B7B802}"
EndProject
Project("{FAE04EC0-301F-11D3-BF4B-00C04F79EFBC}") = "ArcGIS", "ArcGIS\ArcGIS.csproj", "{DEEA46EE-CC51-48BE-B404-4AE3FFC19FB7}"
EndProject
Global
	GlobalSection(SolutionConfigurationPlatforms) = preSolution
		Debug|Any CPU = Debug|Any CPU
		Debug|x64 = Debug|x64
		Release|Any CPU = Release|Any CPU
		Release|x64 = Release|x64
	EndGlobalSection
	GlobalSection(ProjectConfigurationPlatforms) = postSolution
		{51C0AF6E-0094-4F77-8186-1EB178B7B802}.Debug|Any CPU.ActiveCfg = Debug|Any CPU
		{51C0AF6E-0094-4F77-8186-1EB178B7B802}.Debug|Any CPU.Build.0 = Debug|Any CPU
		{51C0AF6E-0094-4F77-8186-1EB178B7B802}.Debug|x64.ActiveCfg = Debug|x64
		{51C0AF6E-0094-4F77-8186-1EB178B7B802}.Debug|x64.Build.0 = Debug|x64
		{51C0AF6E-0094-4F77-8186-1EB178B7B802}.Release|Any CPU.ActiveCfg = Release|Any CPU
		{51C0AF6E-0094-4F77-8186-1EB178B7B802}.Release|Any CPU.Build.0 = Release|Any CPU
		{51C0AF6E-0094-4F77-8186-1EB178B7B802}.Release|x64.ActiveCfg = Release|x64
		{51C0AF6E-0094-4F77-8186-1EB178B7B802}.Release|x64.Build.0 = Release|x64
		{DEEA46EE-CC51-48BE-B404-4AE3FFC19FB7}.Debug|Any CPU.ActiveCfg = Debug|Any CPU
		{DEEA46EE-CC51-48BE-B404-4AE3FFC19FB7}.Debug|Any CPU.Build.0 = Debug|Any CPU
		{DEEA46EE-CC51-48BE-B404-4AE3FFC19FB7}.Debug|x64.ActiveCfg = Debug|x64
		{DEEA46EE-CC51-48BE-B404-4AE3FFC19FB7}.Debug|x64.Build.0 = Debug|x64
		{DEEA46EE-CC51-48BE-B404-4AE3FFC19FB7}.Release|Any CPU.ActiveCfg = Release|Any CPU
		{DEEA46EE-CC51-48BE-B404-4AE3FFC19FB7}.Release|Any CPU.Build.0 = Release|Any CPU
		{DEEA46EE-CC51-48BE-B404-4AE3FFC19FB7}.Release|x64.ActiveCfg = Release|x64
		{DEEA46EE-CC51-48BE-B404-4AE3FFC19FB7}.Release|x64.Build.0 = Release|x64
	EndGlobalSection
	GlobalSection(SolutionProperties) = preSolution
		HideSolutionNode = FALSE
	EndGlobalSection
	GlobalSection(ExtensibilityGlobals) = postSolution
		SolutionGuid = {9AF22521-43EE-471A-8290-D5A5FF8E7BE2}
	EndGlobalSection
EndGlobal
